
Microsoft Visual Studio Solution File, Format Version 12.00
# Visual Studio 2013
VisualStudioVersion = 12.0.31101.0
MinimumVisualStudioVersion = 10.0.40219.1
Project("{FAE04EC0-301F-11D3-BF4B-00C04F79EFBC}") = "SQLiteSample", "SQLiteSample\SQLiteSample\SQLiteSample.csproj", "{D21ADFDC-3AEB-4C54-AFD3-5745B1AADE61}"
EndProject
Project("{FAE04EC0-301F-11D3-BF4B-00C04F79EFBC}") = "SQLiteSample.iOS", "SQLiteSample\SQLiteSample.iOS\SQLiteSample.iOS.csproj", "{810A03E6-92C1-4199-BA9A-72DBD9156174}"
EndProject
Project("{FAE04EC0-301F-11D3-BF4B-00C04F79EFBC}") = "SQLiteSample.Droid", "SQLiteSample\SQLiteSample.Droid\SQLiteSample.Droid.csproj", "{F606F5D6-6C96-4BE1-B384-D6165915F8D6}"
EndProject
Project("{FAE04EC0-301F-11D3-BF4B-00C04F79EFBC}") = "SQLiteSample.WinPhone", "SQLiteSample\SQLiteSample.WinPhone\SQLiteSample.WinPhone.csproj", "{C9E26B3C-D0F9-4D16-87CE-0DD89AB142D5}"
EndProject
Global
	GlobalSection(SolutionConfigurationPlatforms) = preSolution
		Ad-Hoc|Any CPU = Ad-Hoc|Any CPU
		Ad-Hoc|ARM = Ad-Hoc|ARM
		Ad-Hoc|iPhone = Ad-Hoc|iPhone
		Ad-Hoc|iPhoneSimulator = Ad-Hoc|iPhoneSimulator
		Ad-Hoc|Mixed Platforms = Ad-Hoc|Mixed Platforms
		Ad-Hoc|x86 = Ad-Hoc|x86
		AppStore|Any CPU = AppStore|Any CPU
		AppStore|ARM = AppStore|ARM
		AppStore|iPhone = AppStore|iPhone
		AppStore|iPhoneSimulator = AppStore|iPhoneSimulator
		AppStore|Mixed Platforms = AppStore|Mixed Platforms
		AppStore|x86 = AppStore|x86
		Debug|Any CPU = Debug|Any CPU
		Debug|ARM = Debug|ARM
		Debug|iPhone = Debug|iPhone
		Debug|iPhoneSimulator = Debug|iPhoneSimulator
		Debug|Mixed Platforms = Debug|Mixed Platforms
		Debug|x86 = Debug|x86
		Release|Any CPU = Release|Any CPU
		Release|ARM = Release|ARM
		Release|iPhone = Release|iPhone
		Release|iPhoneSimulator = Release|iPhoneSimulator
		Release|Mixed Platforms = Release|Mixed Platforms
		Release|x86 = Release|x86
	EndGlobalSection
	GlobalSection(ProjectConfigurationPlatforms) = postSolution
		{D21ADFDC-3AEB-4C54-AFD3-5745B1AADE61}.Ad-Hoc|Any CPU.ActiveCfg = Release|Any CPU
		{D21ADFDC-3AEB-4C54-AFD3-5745B1AADE61}.Ad-Hoc|Any CPU.Build.0 = Release|Any CPU
		{D21ADFDC-3AEB-4C54-AFD3-5745B1AADE61}.Ad-Hoc|ARM.ActiveCfg = Release|Any CPU
		{D21ADFDC-3AEB-4C54-AFD3-5745B1AADE61}.Ad-Hoc|iPhone.ActiveCfg = Release|Any CPU
		{D21ADFDC-3AEB-4C54-AFD3-5745B1AADE61}.Ad-Hoc|iPhoneSimulator.ActiveCfg = Release|Any CPU
		{D21ADFDC-3AEB-4C54-AFD3-5745B1AADE61}.Ad-Hoc|Mixed Platforms.ActiveCfg = Release|Any CPU
		{D21ADFDC-3AEB-4C54-AFD3-5745B1AADE61}.Ad-Hoc|Mixed Platforms.Build.0 = Release|Any CPU
		{D21ADFDC-3AEB-4C54-AFD3-5745B1AADE61}.Ad-Hoc|x86.ActiveCfg = Release|Any CPU
		{D21ADFDC-3AEB-4C54-AFD3-5745B1AADE61}.AppStore|Any CPU.ActiveCfg = Release|Any CPU
		{D21ADFDC-3AEB-4C54-AFD3-5745B1AADE61}.AppStore|Any CPU.Build.0 = Release|Any CPU
		{D21ADFDC-3AEB-4C54-AFD3-5745B1AADE61}.AppStore|ARM.ActiveCfg = Release|Any CPU
		{D21ADFDC-3AEB-4C54-AFD3-5745B1AADE61}.AppStore|iPhone.ActiveCfg = Release|Any CPU
		{D21ADFDC-3AEB-4C54-AFD3-5745B1AADE61}.AppStore|iPhoneSimulator.ActiveCfg = Release|Any CPU
		{D21ADFDC-3AEB-4C54-AFD3-5745B1AADE61}.AppStore|Mixed Platforms.ActiveCfg = Release|Any CPU
		{D21ADFDC-3AEB-4C54-AFD3-5745B1AADE61}.AppStore|Mixed Platforms.Build.0 = Release|Any CPU
		{D21ADFDC-3AEB-4C54-AFD3-5745B1AADE61}.AppStore|x86.ActiveCfg = Release|Any CPU
		{D21ADFDC-3AEB-4C54-AFD3-5745B1AADE61}.Debug|Any CPU.ActiveCfg = Debug|Any CPU
		{D21ADFDC-3AEB-4C54-AFD3-5745B1AADE61}.Debug|Any CPU.Build.0 = Debug|Any CPU
		{D21ADFDC-3AEB-4C54-AFD3-5745B1AADE61}.Debug|ARM.ActiveCfg = Debug|Any CPU
		{D21ADFDC-3AEB-4C54-AFD3-5745B1AADE61}.Debug|iPhone.ActiveCfg = Debug|Any CPU
		{D21ADFDC-3AEB-4C54-AFD3-5745B1AADE61}.Debug|iPhoneSimulator.ActiveCfg = Debug|Any CPU
		{D21ADFDC-3AEB-4C54-AFD3-5745B1AADE61}.Debug|iPhoneSimulator.Build.0 = Debug|Any CPU
		{D21ADFDC-3AEB-4C54-AFD3-5745B1AADE61}.Debug|Mixed Platforms.ActiveCfg = Debug|Any CPU
		{D21ADFDC-3AEB-4C54-AFD3-5745B1AADE61}.Debug|Mixed Platforms.Build.0 = Debug|Any CPU
		{D21ADFDC-3AEB-4C54-AFD3-5745B1AADE61}.Debug|x86.ActiveCfg = Debug|Any CPU
		{D21ADFDC-3AEB-4C54-AFD3-5745B1AADE61}.Release|Any CPU.ActiveCfg = Release|Any CPU
		{D21ADFDC-3AEB-4C54-AFD3-5745B1AADE61}.Release|Any CPU.Build.0 = Release|Any CPU
		{D21ADFDC-3AEB-4C54-AFD3-5745B1AADE61}.Release|ARM.ActiveCfg = Release|Any CPU
		{D21ADFDC-3AEB-4C54-AFD3-5745B1AADE61}.Release|iPhone.ActiveCfg = Release|Any CPU
		{D21ADFDC-3AEB-4C54-AFD3-5745B1AADE61}.Release|iPhoneSimulator.ActiveCfg = Release|Any CPU
		{D21ADFDC-3AEB-4C54-AFD3-5745B1AADE61}.Release|Mixed Platforms.ActiveCfg = Release|Any CPU
		{D21ADFDC-3AEB-4C54-AFD3-5745B1AADE61}.Release|Mixed Platforms.Build.0 = Release|Any CPU
		{D21ADFDC-3AEB-4C54-AFD3-5745B1AADE61}.Release|x86.ActiveCfg = Release|Any CPU
		{810A03E6-92C1-4199-BA9A-72DBD9156174}.Ad-Hoc|Any CPU.ActiveCfg = Ad-Hoc|iPhone
		{810A03E6-92C1-4199-BA9A-72DBD9156174}.Ad-Hoc|ARM.ActiveCfg = Ad-Hoc|iPhone
		{810A03E6-92C1-4199-BA9A-72DBD9156174}.Ad-Hoc|iPhone.ActiveCfg = Ad-Hoc|iPhone
		{810A03E6-92C1-4199-BA9A-72DBD9156174}.Ad-Hoc|iPhone.Build.0 = Ad-Hoc|iPhone
		{810A03E6-92C1-4199-BA9A-72DBD9156174}.Ad-Hoc|iPhoneSimulator.ActiveCfg = Ad-Hoc|iPhoneSimulator
		{810A03E6-92C1-4199-BA9A-72DBD9156174}.Ad-Hoc|iPhoneSimulator.Build.0 = Ad-Hoc|iPhoneSimulator
		{810A03E6-92C1-4199-BA9A-72DBD9156174}.Ad-Hoc|Mixed Platforms.ActiveCfg = Ad-Hoc|iPhone
		{810A03E6-92C1-4199-BA9A-72DBD9156174}.Ad-Hoc|Mixed Platforms.Build.0 = Ad-Hoc|iPhone
		{810A03E6-92C1-4199-BA9A-72DBD9156174}.Ad-Hoc|x86.ActiveCfg = Ad-Hoc|iPhone
		{810A03E6-92C1-4199-BA9A-72DBD9156174}.AppStore|Any CPU.ActiveCfg = AppStore|iPhone
		{810A03E6-92C1-4199-BA9A-72DBD9156174}.AppStore|ARM.ActiveCfg = AppStore|iPhone
		{810A03E6-92C1-4199-BA9A-72DBD9156174}.AppStore|iPhone.ActiveCfg = AppStore|iPhone
		{810A03E6-92C1-4199-BA9A-72DBD9156174}.AppStore|iPhone.Build.0 = AppStore|iPhone
		{810A03E6-92C1-4199-BA9A-72DBD9156174}.AppStore|iPhoneSimulator.ActiveCfg = AppStore|iPhoneSimulator
		{810A03E6-92C1-4199-BA9A-72DBD9156174}.AppStore|iPhoneSimulator.Build.0 = AppStore|iPhoneSimulator
		{810A03E6-92C1-4199-BA9A-72DBD9156174}.AppStore|Mixed Platforms.ActiveCfg = AppStore|iPhone
		{810A03E6-92C1-4199-BA9A-72DBD9156174}.AppStore|Mixed Platforms.Build.0 = AppStore|iPhone
		{810A03E6-92C1-4199-BA9A-72DBD9156174}.AppStore|x86.ActiveCfg = AppStore|iPhone
		{810A03E6-92C1-4199-BA9A-72DBD9156174}.Debug|Any CPU.ActiveCfg = Debug|iPhone
		{810A03E6-92C1-4199-BA9A-72DBD9156174}.Debug|ARM.ActiveCfg = Debug|iPhone
		{810A03E6-92C1-4199-BA9A-72DBD9156174}.Debug|iPhone.ActiveCfg = Debug|iPhone
		{810A03E6-92C1-4199-BA9A-72DBD9156174}.Debug|iPhone.Build.0 = Debug|iPhone
		{810A03E6-92C1-4199-BA9A-72DBD9156174}.Debug|iPhoneSimulator.ActiveCfg = Debug|iPhoneSimulator
		{810A03E6-92C1-4199-BA9A-72DBD9156174}.Debug|iPhoneSimulator.Build.0 = Debug|iPhoneSimulator
		{810A03E6-92C1-4199-BA9A-72DBD9156174}.Debug|Mixed Platforms.ActiveCfg = Debug|iPhone
		{810A03E6-92C1-4199-BA9A-72DBD9156174}.Debug|Mixed Platforms.Build.0 = Debug|iPhone
		{810A03E6-92C1-4199-BA9A-72DBD9156174}.Debug|x86.ActiveCfg = Debug|iPhone
		{810A03E6-92C1-4199-BA9A-72DBD9156174}.Release|Any CPU.ActiveCfg = Release|iPhone
		{810A03E6-92C1-4199-BA9A-72DBD9156174}.Release|ARM.ActiveCfg = Release|iPhone
		{810A03E6-92C1-4199-BA9A-72DBD9156174}.Release|iPhone.ActiveCfg = Release|iPhone
		{810A03E6-92C1-4199-BA9A-72DBD9156174}.Release|iPhone.Build.0 = Release|iPhone
		{810A03E6-92C1-4199-BA9A-72DBD9156174}.Release|iPhoneSimulator.ActiveCfg = Release|iPhoneSimulator
		{810A03E6-92C1-4199-BA9A-72DBD9156174}.Release|iPhoneSimulator.Build.0 = Release|iPhoneSimulator
		{810A03E6-92C1-4199-BA9A-72DBD9156174}.Release|Mixed Platforms.ActiveCfg = Release|iPhone
		{810A03E6-92C1-4199-BA9A-72DBD9156174}.Release|Mixed Platforms.Build.0 = Release|iPhone
		{810A03E6-92C1-4199-BA9A-72DBD9156174}.Release|x86.ActiveCfg = Release|iPhone
		{F606F5D6-6C96-4BE1-B384-D6165915F8D6}.Ad-Hoc|Any CPU.ActiveCfg = Release|Any CPU
		{F606F5D6-6C96-4BE1-B384-D6165915F8D6}.Ad-Hoc|Any CPU.Build.0 = Release|Any CPU
		{F606F5D6-6C96-4BE1-B384-D6165915F8D6}.Ad-Hoc|Any CPU.Deploy.0 = Release|Any CPU
		{F606F5D6-6C96-4BE1-B384-D6165915F8D6}.Ad-Hoc|ARM.ActiveCfg = Release|Any CPU
		{F606F5D6-6C96-4BE1-B384-D6165915F8D6}.Ad-Hoc|iPhone.ActiveCfg = Release|Any CPU
		{F606F5D6-6C96-4BE1-B384-D6165915F8D6}.Ad-Hoc|iPhoneSimulator.ActiveCfg = Release|Any CPU
		{F606F5D6-6C96-4BE1-B384-D6165915F8D6}.Ad-Hoc|Mixed Platforms.ActiveCfg = Release|Any CPU
		{F606F5D6-6C96-4BE1-B384-D6165915F8D6}.Ad-Hoc|Mixed Platforms.Build.0 = Release|Any CPU
		{F606F5D6-6C96-4BE1-B384-D6165915F8D6}.Ad-Hoc|Mixed Platforms.Deploy.0 = Release|Any CPU
		{F606F5D6-6C96-4BE1-B384-D6165915F8D6}.Ad-Hoc|x86.ActiveCfg = Release|Any CPU
		{F606F5D6-6C96-4BE1-B384-D6165915F8D6}.AppStore|Any CPU.ActiveCfg = Release|Any CPU
		{F606F5D6-6C96-4BE1-B384-D6165915F8D6}.AppStore|Any CPU.Build.0 = Release|Any CPU
		{F606F5D6-6C96-4BE1-B384-D6165915F8D6}.AppStore|Any CPU.Deploy.0 = Release|Any CPU
		{F606F5D6-6C96-4BE1-B384-D6165915F8D6}.AppStore|ARM.ActiveCfg = Release|Any CPU
		{F606F5D6-6C96-4BE1-B384-D6165915F8D6}.AppStore|iPhone.ActiveCfg = Release|Any CPU
		{F606F5D6-6C96-4BE1-B384-D6165915F8D6}.AppStore|iPhoneSimulator.ActiveCfg = Release|Any CPU
		{F606F5D6-6C96-4BE1-B384-D6165915F8D6}.AppStore|Mixed Platforms.ActiveCfg = Release|Any CPU
		{F606F5D6-6C96-4BE1-B384-D6165915F8D6}.AppStore|Mixed Platforms.Build.0 = Release|Any CPU
		{F606F5D6-6C96-4BE1-B384-D6165915F8D6}.AppStore|Mixed Platforms.Deploy.0 = Release|Any CPU
		{F606F5D6-6C96-4BE1-B384-D6165915F8D6}.AppStore|x86.ActiveCfg = Release|Any CPU
		{F606F5D6-6C96-4BE1-B384-D6165915F8D6}.Debug|Any CPU.ActiveCfg = Debug|Any CPU
		{F606F5D6-6C96-4BE1-B384-D6165915F8D6}.Debug|Any CPU.Build.0 = Debug|Any CPU
		{F606F5D6-6C96-4BE1-B384-D6165915F8D6}.Debug|Any CPU.Deploy.0 = Debug|Any CPU
		{F606F5D6-6C96-4BE1-B384-D6165915F8D6}.Debug|ARM.ActiveCfg = Debug|Any CPU
		{F606F5D6-6C96-4BE1-B384-D6165915F8D6}.Debug|iPhone.ActiveCfg = Debug|Any CPU
		{F606F5D6-6C96-4BE1-B384-D6165915F8D6}.Debug|iPhoneSimulator.ActiveCfg = Debug|Any CPU
		{F606F5D6-6C96-4BE1-B384-D6165915F8D6}.Debug|Mixed Platforms.ActiveCfg = Debug|Any CPU
		{F606F5D6-6C96-4BE1-B384-D6165915F8D6}.Debug|Mixed Platforms.Build.0 = Debug|Any CPU
		{F606F5D6-6C96-4BE1-B384-D6165915F8D6}.Debug|Mixed Platforms.Deploy.0 = Debug|Any CPU
		{F606F5D6-6C96-4BE1-B384-D6165915F8D6}.Debug|x86.ActiveCfg = Debug|Any CPU
		{F606F5D6-6C96-4BE1-B384-D6165915F8D6}.Release|Any CPU.ActiveCfg = Release|Any CPU
		{F606F5D6-6C96-4BE1-B384-D6165915F8D6}.Release|Any CPU.Build.0 = Release|Any CPU
		{F606F5D6-6C96-4BE1-B384-D6165915F8D6}.Release|Any CPU.Deploy.0 = Release|Any CPU
		{F606F5D6-6C96-4BE1-B384-D6165915F8D6}.Release|ARM.ActiveCfg = Release|Any CPU
		{F606F5D6-6C96-4BE1-B384-D6165915F8D6}.Release|iPhone.ActiveCfg = Release|Any CPU
		{F606F5D6-6C96-4BE1-B384-D6165915F8D6}.Release|iPhoneSimulator.ActiveCfg = Release|Any CPU
		{F606F5D6-6C96-4BE1-B384-D6165915F8D6}.Release|Mixed Platforms.ActiveCfg = Release|Any CPU
		{F606F5D6-6C96-4BE1-B384-D6165915F8D6}.Release|Mixed Platforms.Build.0 = Release|Any CPU
		{F606F5D6-6C96-4BE1-B384-D6165915F8D6}.Release|Mixed Platforms.Deploy.0 = Release|Any CPU
		{F606F5D6-6C96-4BE1-B384-D6165915F8D6}.Release|x86.ActiveCfg = Release|Any CPU
		{C9E26B3C-D0F9-4D16-87CE-0DD89AB142D5}.Ad-Hoc|Any CPU.ActiveCfg = Release|Any CPU
		{C9E26B3C-D0F9-4D16-87CE-0DD89AB142D5}.Ad-Hoc|Any CPU.Build.0 = Release|Any CPU
		{C9E26B3C-D0F9-4D16-87CE-0DD89AB142D5}.Ad-Hoc|Any CPU.Deploy.0 = Release|Any CPU
		{C9E26B3C-D0F9-4D16-87CE-0DD89AB142D5}.Ad-Hoc|ARM.ActiveCfg = Release|ARM
		{C9E26B3C-D0F9-4D16-87CE-0DD89AB142D5}.Ad-Hoc|ARM.Build.0 = Release|ARM
		{C9E26B3C-D0F9-4D16-87CE-0DD89AB142D5}.Ad-Hoc|ARM.Deploy.0 = Release|ARM
		{C9E26B3C-D0F9-4D16-87CE-0DD89AB142D5}.Ad-Hoc|iPhone.ActiveCfg = Release|Any CPU
		{C9E26B3C-D0F9-4D16-87CE-0DD89AB142D5}.Ad-Hoc|iPhoneSimulator.ActiveCfg = Release|Any CPU
		{C9E26B3C-D0F9-4D16-87CE-0DD89AB142D5}.Ad-Hoc|Mixed Platforms.ActiveCfg = Release|x86
		{C9E26B3C-D0F9-4D16-87CE-0DD89AB142D5}.Ad-Hoc|Mixed Platforms.Build.0 = Release|x86
		{C9E26B3C-D0F9-4D16-87CE-0DD89AB142D5}.Ad-Hoc|Mixed Platforms.Deploy.0 = Release|x86
		{C9E26B3C-D0F9-4D16-87CE-0DD89AB142D5}.Ad-Hoc|x86.ActiveCfg = Release|x86
		{C9E26B3C-D0F9-4D16-87CE-0DD89AB142D5}.Ad-Hoc|x86.Build.0 = Release|x86
		{C9E26B3C-D0F9-4D16-87CE-0DD89AB142D5}.Ad-Hoc|x86.Deploy.0 = Release|x86
		{C9E26B3C-D0F9-4D16-87CE-0DD89AB142D5}.AppStore|Any CPU.ActiveCfg = Release|Any CPU
		{C9E26B3C-D0F9-4D16-87CE-0DD89AB142D5}.AppStore|Any CPU.Build.0 = Release|Any CPU
		{C9E26B3C-D0F9-4D16-87CE-0DD89AB142D5}.AppStore|Any CPU.Deploy.0 = Release|Any CPU
		{C9E26B3C-D0F9-4D16-87CE-0DD89AB142D5}.AppStore|ARM.ActiveCfg = Release|ARM
		{C9E26B3C-D0F9-4D16-87CE-0DD89AB142D5}.AppStore|ARM.Build.0 = Release|ARM
		{C9E26B3C-D0F9-4D16-87CE-0DD89AB142D5}.AppStore|ARM.Deploy.0 = Release|ARM
		{C9E26B3C-D0F9-4D16-87CE-0DD89AB142D5}.AppStore|iPhone.ActiveCfg = Release|Any CPU
		{C9E26B3C-D0F9-4D16-87CE-0DD89AB142D5}.AppStore|iPhoneSimulator.ActiveCfg = Release|Any CPU
		{C9E26B3C-D0F9-4D16-87CE-0DD89AB142D5}.AppStore|Mixed Platforms.ActiveCfg = Release|x86
		{C9E26B3C-D0F9-4D16-87CE-0DD89AB142D5}.AppStore|Mixed Platforms.Build.0 = Release|x86
		{C9E26B3C-D0F9-4D16-87CE-0DD89AB142D5}.AppStore|Mixed Platforms.Deploy.0 = Release|x86
		{C9E26B3C-D0F9-4D16-87CE-0DD89AB142D5}.AppStore|x86.ActiveCfg = Release|x86
		{C9E26B3C-D0F9-4D16-87CE-0DD89AB142D5}.AppStore|x86.Build.0 = Release|x86
		{C9E26B3C-D0F9-4D16-87CE-0DD89AB142D5}.AppStore|x86.Deploy.0 = Release|x86
		{C9E26B3C-D0F9-4D16-87CE-0DD89AB142D5}.Debug|Any CPU.ActiveCfg = Debug|Any CPU
		{C9E26B3C-D0F9-4D16-87CE-0DD89AB142D5}.Debug|ARM.ActiveCfg = Debug|ARM
		{C9E26B3C-D0F9-4D16-87CE-0DD89AB142D5}.Debug|ARM.Build.0 = Debug|ARM
		{C9E26B3C-D0F9-4D16-87CE-0DD89AB142D5}.Debug|ARM.Deploy.0 = Debug|ARM
		{C9E26B3C-D0F9-4D16-87CE-0DD89AB142D5}.Debug|iPhone.ActiveCfg = Debug|Any CPU
		{C9E26B3C-D0F9-4D16-87CE-0DD89AB142D5}.Debug|iPhoneSimulator.ActiveCfg = Debug|Any CPU
		{C9E26B3C-D0F9-4D16-87CE-0DD89AB142D5}.Debug|Mixed Platforms.ActiveCfg = Debug|x86
		{C9E26B3C-D0F9-4D16-87CE-0DD89AB142D5}.Debug|Mixed Platforms.Build.0 = Debug|x86
		{C9E26B3C-D0F9-4D16-87CE-0DD89AB142D5}.Debug|Mixed Platforms.Deploy.0 = Debug|x86
		{C9E26B3C-D0F9-4D16-87CE-0DD89AB142D5}.Debug|x86.ActiveCfg = Debug|x86
		{C9E26B3C-D0F9-4D16-87CE-0DD89AB142D5}.Debug|x86.Build.0 = Debug|x86
		{C9E26B3C-D0F9-4D16-87CE-0DD89AB142D5}.Debug|x86.Deploy.0 = Debug|x86
		{C9E26B3C-D0F9-4D16-87CE-0DD89AB142D5}.Release|Any CPU.ActiveCfg = Release|Any CPU
		{C9E26B3C-D0F9-4D16-87CE-0DD89AB142D5}.Release|Any CPU.Build.0 = Release|Any CPU
		{C9E26B3C-D0F9-4D16-87CE-0DD89AB142D5}.Release|Any CPU.Deploy.0 = Release|Any CPU
		{C9E26B3C-D0F9-4D16-87CE-0DD89AB142D5}.Release|ARM.ActiveCfg = Release|ARM
		{C9E26B3C-D0F9-4D16-87CE-0DD89AB142D5}.Release|ARM.Build.0 = Release|ARM
		{C9E26B3C-D0F9-4D16-87CE-0DD89AB142D5}.Release|ARM.Deploy.0 = Release|ARM
		{C9E26B3C-D0F9-4D16-87CE-0DD89AB142D5}.Release|iPhone.ActiveCfg = Release|Any CPU
		{C9E26B3C-D0F9-4D16-87CE-0DD89AB142D5}.Release|iPhoneSimulator.ActiveCfg = Release|Any CPU
		{C9E26B3C-D0F9-4D16-87CE-0DD89AB142D5}.Release|Mixed Platforms.ActiveCfg = Release|x86
		{C9E26B3C-D0F9-4D16-87CE-0DD89AB142D5}.Release|Mixed Platforms.Build.0 = Release|x86
		{C9E26B3C-D0F9-4D16-87CE-0DD89AB142D5}.Release|Mixed Platforms.Deploy.0 = Release|x86
		{C9E26B3C-D0F9-4D16-87CE-0DD89AB142D5}.Release|x86.ActiveCfg = Release|x86
		{C9E26B3C-D0F9-4D16-87CE-0DD89AB142D5}.Release|x86.Build.0 = Release|x86
		{C9E26B3C-D0F9-4D16-87CE-0DD89AB142D5}.Release|x86.Deploy.0 = Release|x86
	EndGlobalSection
	GlobalSection(SolutionProperties) = preSolution
		HideSolutionNode = FALSE
	EndGlobalSection
EndGlobal
